
Microsoft Visual Studio Solution File, Format Version 12.00
# Visual Studio Version 17
VisualStudioVersion = 17.13.35828.75 d17.13
MinimumVisualStudioVersion = 10.0.40219.1
Project("{FAE04EC0-301F-11D3-BF4B-00C04F79EFBC}") = "Quản lý khách sạn mvc", "Quản lý khách sạn mvc\Quản lý khách sạn mvc.csproj", "{366E3DC3-8E04-4417-8561-E6BE0495B479}"
EndProject
Global
	GlobalSection(SolutionConfigurationPlatforms) = preSolution
		Debug|Any CPU = Debug|Any CPU
		Release|Any CPU = Release|Any CPU
	EndGlobalSection
	GlobalSection(ProjectConfigurationPlatforms) = postSolution
		{366E3DC3-8E04-4417-8561-E6BE0495B479}.Debug|Any CPU.ActiveCfg = Debug|Any CPU
		{366E3DC3-8E04-4417-8561-E6BE0495B479}.Debug|Any CPU.Build.0 = Debug|Any CPU
		{366E3DC3-8E04-4417-8561-E6BE0495B479}.Release|Any CPU.ActiveCfg = Release|Any CPU
		{366E3DC3-8E04-4417-8561-E6BE0495B479}.Release|Any CPU.Build.0 = Release|Any CPU
	EndGlobalSection
	GlobalSection(SolutionProperties) = preSolution
		HideSolutionNode = FALSE
	EndGlobalSection
	GlobalSection(ExtensibilityGlobals) = postSolution
		SolutionGuid = {F04AE7AA-6333-47C6-B28B-68F9DBDAD133}
	EndGlobalSection
EndGlobal
